
Microsoft Visual Studio Solution File, Format Version 12.00
# Visual Studio Version 16
VisualStudioVersion = 16.0.32228.343
MinimumVisualStudioVersion = 10.0.40219.1
Project("{9A19103F-16F7-4668-BE54-9A1E7A4F7556}") = "Cs_practice", "Cs_practice\Cs_practice.csproj", "{DDD815A1-2556-4216-9AD2-CFD6C5D731E8}"
EndProject
Global
	GlobalSection(SolutionConfigurationPlatforms) = preSolution
		Debug|Any CPU = Debug|Any CPU
		Release|Any CPU = Release|Any CPU
	EndGlobalSection
	GlobalSection(ProjectConfigurationPlatforms) = postSolution
		{DDD815A1-2556-4216-9AD2-CFD6C5D731E8}.Debug|Any CPU.ActiveCfg = Debug|Any CPU
		{DDD815A1-2556-4216-9AD2-CFD6C5D731E8}.Debug|Any CPU.Build.0 = Debug|Any CPU
		{DDD815A1-2556-4216-9AD2-CFD6C5D731E8}.Release|Any CPU.ActiveCfg = Release|Any CPU
		{DDD815A1-2556-4216-9AD2-CFD6C5D731E8}.Release|Any CPU.Build.0 = Release|Any CPU
	EndGlobalSection
	GlobalSection(SolutionProperties) = preSolution
		HideSolutionNode = FALSE
	EndGlobalSection
	GlobalSection(ExtensibilityGlobals) = postSolution
		SolutionGuid = {3780DB8E-28A2-4545-A2D7-0020BDE566C8}
	EndGlobalSection
EndGlobal
